
Microsoft Visual Studio Solution File, Format Version 12.00
# Visual Studio 2013
VisualStudioVersion = 12.0.21005.1
MinimumVisualStudioVersion = 10.0.40219.1
Project("{F184B08F-C81C-45F6-A57F-5ABD9991F28F}") = "FarmaciaWeb", "FarmaciaWeb\FarmaciaWeb.vbproj", "{755118F9-606C-4D2B-A41A-6BE1D0121AA0}"
EndProject
Project("{F184B08F-C81C-45F6-A57F-5ABD9991F28F}") = "BE", "BE\BE.vbproj", "{359FF1B3-167D-4B43-982D-704B582B76D2}"
EndProject
Project("{F184B08F-C81C-45F6-A57F-5ABD9991F28F}") = "BLL", "BLL\BLL.vbproj", "{1FC47FA7-475D-413B-8F87-E2E45958114B}"
EndProject
Project("{F184B08F-C81C-45F6-A57F-5ABD9991F28F}") = "DAL", "DAL\DAL.vbproj", "{038D4D72-1DE9-4978-83F4-A566AE1677FE}"
EndProject
Project("{2150E333-8FDC-42A3-9474-1A3956D46DE8}") = "Scripts", "Scripts", "{1861DD03-D353-4B5D-AFF0-CD9AB0A0D667}"
	ProjectSection(SolutionItems) = preProject
		Scripts\basefarmacia.sql = Scripts\basefarmacia.sql
	EndProjectSection
EndProject
Global
	GlobalSection(SolutionConfigurationPlatforms) = preSolution
		Debug|Any CPU = Debug|Any CPU
		Release|Any CPU = Release|Any CPU
	EndGlobalSection
	GlobalSection(ProjectConfigurationPlatforms) = postSolution
		{755118F9-606C-4D2B-A41A-6BE1D0121AA0}.Debug|Any CPU.ActiveCfg = Debug|Any CPU
		{755118F9-606C-4D2B-A41A-6BE1D0121AA0}.Debug|Any CPU.Build.0 = Debug|Any CPU
		{755118F9-606C-4D2B-A41A-6BE1D0121AA0}.Release|Any CPU.ActiveCfg = Release|Any CPU
		{755118F9-606C-4D2B-A41A-6BE1D0121AA0}.Release|Any CPU.Build.0 = Release|Any CPU
		{359FF1B3-167D-4B43-982D-704B582B76D2}.Debug|Any CPU.ActiveCfg = Debug|Any CPU
		{359FF1B3-167D-4B43-982D-704B582B76D2}.Debug|Any CPU.Build.0 = Debug|Any CPU
		{359FF1B3-167D-4B43-982D-704B582B76D2}.Release|Any CPU.ActiveCfg = Release|Any CPU
		{359FF1B3-167D-4B43-982D-704B582B76D2}.Release|Any CPU.Build.0 = Release|Any CPU
		{359FF1B3-167D-4B43-982D-704B582B76D2}.Release|Any CPU.Deploy.0 = Release|Any CPU
		{1FC47FA7-475D-413B-8F87-E2E45958114B}.Debug|Any CPU.ActiveCfg = Debug|Any CPU
		{1FC47FA7-475D-413B-8F87-E2E45958114B}.Debug|Any CPU.Build.0 = Debug|Any CPU
		{1FC47FA7-475D-413B-8F87-E2E45958114B}.Release|Any CPU.ActiveCfg = Release|Any CPU
		{1FC47FA7-475D-413B-8F87-E2E45958114B}.Release|Any CPU.Build.0 = Release|Any CPU
		{038D4D72-1DE9-4978-83F4-A566AE1677FE}.Debug|Any CPU.ActiveCfg = Debug|Any CPU
		{038D4D72-1DE9-4978-83F4-A566AE1677FE}.Debug|Any CPU.Build.0 = Debug|Any CPU
		{038D4D72-1DE9-4978-83F4-A566AE1677FE}.Release|Any CPU.ActiveCfg = Release|Any CPU
		{038D4D72-1DE9-4978-83F4-A566AE1677FE}.Release|Any CPU.Build.0 = Release|Any CPU
	EndGlobalSection
	GlobalSection(SolutionProperties) = preSolution
		HideSolutionNode = FALSE
	EndGlobalSection
EndGlobal
